
Microsoft Visual Studio Solution File, Format Version 12.00
# Visual Studio Version 17
VisualStudioVersion = 17.0.31903.59
MinimumVisualStudioVersion = 10.0.40219.1
Project("{2150E333-8FDC-42A3-9474-1A3956D46DE8}") = "src", "src", "{827E0CD3-B72D-47B6-A68D-7590B98EB39B}"
EndProject
Project("{FAE04EC0-301F-11D3-BF4B-00C04F79EFBC}") = "PromptTemplateManager.Api", "src\PromptTemplateManager.Api\PromptTemplateManager.Api.csproj", "{2C3F2521-ED61-4407-9468-AB699A17D3AB}"
EndProject
Project("{FAE04EC0-301F-11D3-BF4B-00C04F79EFBC}") = "PromptTemplateManager.Core", "src\PromptTemplateManager.Core\PromptTemplateManager.Core.csproj", "{ECA022F6-5351-4BD2-A83F-A21D69B203C7}"
EndProject
Project("{FAE04EC0-301F-11D3-BF4B-00C04F79EFBC}") = "PromptTemplateManager.Application", "src\PromptTemplateManager.Application\PromptTemplateManager.Application.csproj", "{B1EEAC5E-EC82-4733-B825-9A7D7CB157A3}"
EndProject
Project("{FAE04EC0-301F-11D3-BF4B-00C04F79EFBC}") = "PromptTemplateManager.Infrastructure", "src\PromptTemplateManager.Infrastructure\PromptTemplateManager.Infrastructure.csproj", "{38CB5F27-2EA9-445E-B9C6-5EA74306BDD9}"
EndProject
Global
	GlobalSection(SolutionConfigurationPlatforms) = preSolution
		Debug|Any CPU = Debug|Any CPU
		Debug|x64 = Debug|x64
		Debug|x86 = Debug|x86
		Release|Any CPU = Release|Any CPU
		Release|x64 = Release|x64
		Release|x86 = Release|x86
	EndGlobalSection
	GlobalSection(ProjectConfigurationPlatforms) = postSolution
		{2C3F2521-ED61-4407-9468-AB699A17D3AB}.Debug|Any CPU.ActiveCfg = Debug|Any CPU
		{2C3F2521-ED61-4407-9468-AB699A17D3AB}.Debug|Any CPU.Build.0 = Debug|Any CPU
		{2C3F2521-ED61-4407-9468-AB699A17D3AB}.Debug|x64.ActiveCfg = Debug|Any CPU
		{2C3F2521-ED61-4407-9468-AB699A17D3AB}.Debug|x64.Build.0 = Debug|Any CPU
		{2C3F2521-ED61-4407-9468-AB699A17D3AB}.Debug|x86.ActiveCfg = Debug|Any CPU
		{2C3F2521-ED61-4407-9468-AB699A17D3AB}.Debug|x86.Build.0 = Debug|Any CPU
		{2C3F2521-ED61-4407-9468-AB699A17D3AB}.Release|Any CPU.ActiveCfg = Release|Any CPU
		{2C3F2521-ED61-4407-9468-AB699A17D3AB}.Release|Any CPU.Build.0 = Release|Any CPU
		{2C3F2521-ED61-4407-9468-AB699A17D3AB}.Release|x64.ActiveCfg = Release|Any CPU
		{2C3F2521-ED61-4407-9468-AB699A17D3AB}.Release|x64.Build.0 = Release|Any CPU
		{2C3F2521-ED61-4407-9468-AB699A17D3AB}.Release|x86.ActiveCfg = Release|Any CPU
		{2C3F2521-ED61-4407-9468-AB699A17D3AB}.Release|x86.Build.0 = Release|Any CPU
		{ECA022F6-5351-4BD2-A83F-A21D69B203C7}.Debug|Any CPU.ActiveCfg = Debug|Any CPU
		{ECA022F6-5351-4BD2-A83F-A21D69B203C7}.Debug|Any CPU.Build.0 = Debug|Any CPU
		{ECA022F6-5351-4BD2-A83F-A21D69B203C7}.Debug|x64.ActiveCfg = Debug|Any CPU
		{ECA022F6-5351-4BD2-A83F-A21D69B203C7}.Debug|x64.Build.0 = Debug|Any CPU
		{ECA022F6-5351-4BD2-A83F-A21D69B203C7}.Debug|x86.ActiveCfg = Debug|Any CPU
		{ECA022F6-5351-4BD2-A83F-A21D69B203C7}.Debug|x86.Build.0 = Debug|Any CPU
		{ECA022F6-5351-4BD2-A83F-A21D69B203C7}.Release|Any CPU.ActiveCfg = Release|Any CPU
		{ECA022F6-5351-4BD2-A83F-A21D69B203C7}.Release|Any CPU.Build.0 = Release|Any CPU
		{ECA022F6-5351-4BD2-A83F-A21D69B203C7}.Release|x64.ActiveCfg = Release|Any CPU
		{ECA022F6-5351-4BD2-A83F-A21D69B203C7}.Release|x64.Build.0 = Release|Any CPU
		{ECA022F6-5351-4BD2-A83F-A21D69B203C7}.Release|x86.ActiveCfg = Release|Any CPU
		{ECA022F6-5351-4BD2-A83F-A21D69B203C7}.Release|x86.Build.0 = Release|Any CPU
		{B1EEAC5E-EC82-4733-B825-9A7D7CB157A3}.Debug|Any CPU.ActiveCfg = Debug|Any CPU
		{B1EEAC5E-EC82-4733-B825-9A7D7CB157A3}.Debug|Any CPU.Build.0 = Debug|Any CPU
		{B1EEAC5E-EC82-4733-B825-9A7D7CB157A3}.Debug|x64.ActiveCfg = Debug|Any CPU
		{B1EEAC5E-EC82-4733-B825-9A7D7CB157A3}.Debug|x64.Build.0 = Debug|Any CPU
		{B1EEAC5E-EC82-4733-B825-9A7D7CB157A3}.Debug|x86.ActiveCfg = Debug|Any CPU
		{B1EEAC5E-EC82-4733-B825-9A7D7CB157A3}.Debug|x86.Build.0 = Debug|Any CPU
		{B1EEAC5E-EC82-4733-B825-9A7D7CB157A3}.Release|Any CPU.ActiveCfg = Release|Any CPU
		{B1EEAC5E-EC82-4733-B825-9A7D7CB157A3}.Release|Any CPU.Build.0 = Release|Any CPU
		{B1EEAC5E-EC82-4733-B825-9A7D7CB157A3}.Release|x64.ActiveCfg = Release|Any CPU
		{B1EEAC5E-EC82-4733-B825-9A7D7CB157A3}.Release|x64.Build.0 = Release|Any CPU
		{B1EEAC5E-EC82-4733-B825-9A7D7CB157A3}.Release|x86.ActiveCfg = Release|Any CPU
		{B1EEAC5E-EC82-4733-B825-9A7D7CB157A3}.Release|x86.Build.0 = Release|Any CPU
		{38CB5F27-2EA9-445E-B9C6-5EA74306BDD9}.Debug|Any CPU.ActiveCfg = Debug|Any CPU
		{38CB5F27-2EA9-445E-B9C6-5EA74306BDD9}.Debug|Any CPU.Build.0 = Debug|Any CPU
		{38CB5F27-2EA9-445E-B9C6-5EA74306BDD9}.Debug|x64.ActiveCfg = Debug|Any CPU
		{38CB5F27-2EA9-445E-B9C6-5EA74306BDD9}.Debug|x64.Build.0 = Debug|Any CPU
		{38CB5F27-2EA9-445E-B9C6-5EA74306BDD9}.Debug|x86.ActiveCfg = Debug|Any CPU
		{38CB5F27-2EA9-445E-B9C6-5EA74306BDD9}.Debug|x86.Build.0 = Debug|Any CPU
		{38CB5F27-2EA9-445E-B9C6-5EA74306BDD9}.Release|Any CPU.ActiveCfg = Release|Any CPU
		{38CB5F27-2EA9-445E-B9C6-5EA74306BDD9}.Release|Any CPU.Build.0 = Release|Any CPU
		{38CB5F27-2EA9-445E-B9C6-5EA74306BDD9}.Release|x64.ActiveCfg = Release|Any CPU
		{38CB5F27-2EA9-445E-B9C6-5EA74306BDD9}.Release|x64.Build.0 = Release|Any CPU
		{38CB5F27-2EA9-445E-B9C6-5EA74306BDD9}.Release|x86.ActiveCfg = Release|Any CPU
		{38CB5F27-2EA9-445E-B9C6-5EA74306BDD9}.Release|x86.Build.0 = Release|Any CPU
	EndGlobalSection
	GlobalSection(SolutionProperties) = preSolution
		HideSolutionNode = FALSE
	EndGlobalSection
	GlobalSection(NestedProjects) = preSolution
		{2C3F2521-ED61-4407-9468-AB699A17D3AB} = {827E0CD3-B72D-47B6-A68D-7590B98EB39B}
		{ECA022F6-5351-4BD2-A83F-A21D69B203C7} = {827E0CD3-B72D-47B6-A68D-7590B98EB39B}
		{B1EEAC5E-EC82-4733-B825-9A7D7CB157A3} = {827E0CD3-B72D-47B6-A68D-7590B98EB39B}
		{38CB5F27-2EA9-445E-B9C6-5EA74306BDD9} = {827E0CD3-B72D-47B6-A68D-7590B98EB39B}
	EndGlobalSection
EndGlobal
